{
  "name": "content-script",
  "version": "1.0.0",
  "lockfileVersion": 1,
  "requires": true,
  "dependencies": {
    "adverb-where": {
      "version": "0.2.1",
      "resolved": "https://registry.npmjs.org/adverb-where/-/adverb-where-0.2.1.tgz",
      "integrity": "sha512-IAveFBziMRMNPKFdWRcdIKaJvJG1cAfU9/tf9MzqQ84Dh4QjD9eqwnt4hNSt9cbrcEJD74BMIOaRVgVDEU7MwQ=="
    },
    "commander": {
      "version": "2.19.0",
      "resolved": "https://registry.npmjs.org/commander/-/commander-2.19.0.tgz",
      "integrity": "sha512-6tvAOO+D6OENvRAh524Dh9jcfKTYDQAqvqezbCW82xj5X0pSrcpxtvRKHLG0yBY6SD7PSDrJaj+0AiOcKVd1Xg=="
    },
    "e-prime": {
      "version": "0.10.2",
      "resolved": "https://registry.npmjs.org/e-prime/-/e-prime-0.10.2.tgz",
      "integrity": "sha1-6pN165hWNt6IATx6n7EprZ4V7/g="
    },
    "no-cliches": {
      "version": "0.2.2",
      "resolved": "https://registry.npmjs.org/no-cliches/-/no-cliches-0.2.2.tgz",
      "integrity": "sha512-iEOqDAOFl6uN5jZGRj39Jdo8qALzf2HPXtpFso8+BMaDylDrUMYMwhFbfYGgxdnMlsRnxYTwv68kaXEpsHIapg=="
    },
    "passive-voice": {
      "version": "0.1.0",
      "resolved": "https://registry.npmjs.org/passive-voice/-/passive-voice-0.1.0.tgz",
      "integrity": "sha1-Fv+RrkC6DpLEPmcXY/3IQqcCcLE="
    },
    "too-wordy": {
      "version": "0.2.2",
      "resolved": "https://registry.npmjs.org/too-wordy/-/too-wordy-0.2.2.tgz",
      "integrity": "sha512-ePZfjs1ajL4b8jT4MeVId+9Ci5hJCzAtNIEXIHyFYmKmQuX+eHC/RNv6tuLMUhrGrhJ+sYWW/lBF/LKILHGZEA=="
    },
    "weasel-words": {
      "version": "0.1.1",
      "resolved": "https://registry.npmjs.org/weasel-words/-/weasel-words-0.1.1.tgz",
      "integrity": "sha1-cTeUZYXHP+RIggE4U70ADF1oek4="
    },
    "write-good": {
      "version": "1.0.1",
      "resolved": "https://registry.npmjs.org/write-good/-/write-good-1.0.1.tgz",
      "integrity": "sha512-wSmjZBTHMOexWmK3AmSORGlWAICD98BF0LORYjkK58tChjjMr/BltpvohCThxmIE2vcHYccXHzSVBd/v8ew71g==",
      "requires": {
        "adverb-where": "0.2.1",
        "commander": "2.19.0",
        "e-prime": "0.10.2",
        "no-cliches": "0.2.2",
        "passive-voice": "0.1.0",
        "too-wordy": "0.2.2",
        "weasel-words": "0.1.1"
      }
    }
  }
}
